// !$*UTF8*$!
{
	archiveVersion = 1;
	classes = {
	};
	objectVersion = 46;
	objects = {

/* Begin PBXBuildFile section */
		DDD7CBFE1B1A0AA100CEAA42 /* AppDelegate.swift in Sources */ = {isa = PBXBuildFile; fileRef = DDD7CBFD1B1A0AA100CEAA42 /* AppDelegate.swift */; };
		DDD7CC001B1A0AA100CEAA42 /* ViewController.swift in Sources */ = {isa = PBXBuildFile; fileRef = DDD7CBFF1B1A0AA100CEAA42 /* ViewController.swift */; };
		DDD7CC031B1A0AA100CEAA42 /* Main.storyboard in Resources */ = {isa = PBXBuildFile; fileRef = DDD7CC011B1A0AA100CEAA42 /* Main.storyboard */; };
		DDD7CC051B1A0AA100CEAA42 /* Images.xcassets in Resources */ = {isa = PBXBuildFile; fileRef = DDD7CC041B1A0AA100CEAA42 /* Images.xcassets */; };
		DDD7CC081B1A0AA100CEAA42 /* LaunchScreen.xib in Resources */ = {isa = PBXBuildFile; fileRef = DDD7CC061B1A0AA100CEAA42 /* LaunchScreen.xib */; };
		DDD7CC141B1A0AA100CEAA42 /* ShoeConverterTests.swift in Sources */ = {isa = PBXBuildFile; fileRef = DDD7CC131B1A0AA100CEAA42 /* ShoeConverterTests.swift */; };
/* End PBXBuildFile section */

/* Begin PBXContainerItemProxy section */
		DDD7CC0E1B1A0AA100CEAA42 /* PBXContainerItemProxy */ = {
			isa = PBXContainerItemProxy;
			containerPortal = DDD7CBF01B1A0AA100CEAA42 /* Project object */;
			proxyType = 1;
			remoteGlobalIDString = DDD7CBF71B1A0AA100CEAA42;
			remoteInfo = ShoeConverter;
		};
/* End PBXContainerItemProxy section */

/* Begin PBXFileReference section */
		DDD7CBF81B1A0AA100CEAA42 /* ShoeConverter.app */ = {isa = PBXFileReference; explicitFileType = wrapper.application; includeInIndex = 0; path = ShoeConverter.app; sourceTree = BUILT_PRODUCTS_DIR; };
		DDD7CBFC1B1A0AA100CEAA42 /* Info.plist */ = {isa = PBXFileReference; lastKnownFileType = text.plist.xml; path = Info.plist; sourceTree = "<group>"; };
		DDD7CBFD1B1A0AA100CEAA42 /* AppDelegate.swift */ = {isa = PBXFileReference; lastKnownFileType = sourcecode.swift; path = AppDelegate.swift; sourceTree = "<group>"; };
		DDD7CBFF1B1A0AA100CEAA42 /* ViewController.swift */ = {isa = PBXFileReference; lastKnownFileType = sourcecode.swift; path = ViewController.swift; sourceTree = "<group>"; };
		DDD7CC021B1A0AA100CEAA42 /* Base */ = {isa = PBXFileReference; lastKnownFileType = file.storyboard; name = Base; path = Base.lproj/Main.storyboard; sourceTree = "<group>"; };
		DDD7CC041B1A0AA100CEAA42 /* Images.xcassets */ = {isa = PBXFileReference; lastKnownFileType = folder.assetcatalog; path = Images.xcassets; sourceTree = "<group>"; };
		DDD7CC071B1A0AA100CEAA42 /* Base */ = {isa = PBXFileReference; lastKnownFileType = file.xib; name = Base; path = Base.lproj/LaunchScreen.xib; sourceTree = "<group>"; };
		DDD7CC0D1B1A0AA100CEAA42 /* ShoeConverterTests.xctest */ = {isa = PBXFileReference; explicitFileType = wrapper.cfbundle; includeInIndex = 0; path = ShoeConverterTests.xctest; sourceTree = BUILT_PRODUCTS_DIR; };
		DDD7CC121B1A0AA100CEAA42 /* Info.plist */ = {isa = PBXFileReference; lastKnownFileType = text.plist.xml; path = Info.plist; sourceTree = "<group>"; };
		DDD7CC131B1A0AA100CEAA42 /* ShoeConverterTests.swift */ = {isa = PBXFileReference; lastKnownFileType = sourcecode.swift; path = ShoeConverterTests.swift; sourceTree = "<group>"; };
/* End PBXFileReference section */

/* Begin PBXFrameworksBuildPhase section */
		DDD7CBF51B1A0AA100CEAA42 /* Frameworks */ = {
			isa = PBXFrameworksBuildPhase;
			buildActionMask = 2147483647;
			files = (
			);
			runOnlyForDeploymentPostprocessing = 0;
		};
		DDD7CC0A1B1A0AA100CEAA42 /* Frameworks */ = {
			isa = PBXFrameworksBuildPhase;
			buildActionMask = 2147483647;
			files = (
			);
			runOnlyForDeploymentPostprocessing = 0;
		};
/* End PBXFrameworksBuildPhase section */

/* Begin PBXGroup section */
		DDD7CBEF1B1A0AA100CEAA42 = {
			isa = PBXGroup;
			children = (
				DDD7CBFA1B1A0AA100CEAA42 /* ShoeConverter */,
				DDD7CC101B1A0AA100CEAA42 /* ShoeConverterTests */,
				DDD7CBF91B1A0AA100CEAA42 /* Products */,
			);
			sourceTree = "<group>";
		};
		DDD7CBF91B1A0AA100CEAA42 /* Products */ = {
			isa = PBXGroup;
			children = (
				DDD7CBF81B1A0AA100CEAA42 /* ShoeConverter.app */,
				DDD7CC0D1B1A0AA100CEAA42 /* ShoeConverterTests.xctest */,
			);
			name = Products;
			sourceTree = "<group>";
		};
		DDD7CBFA1B1A0AA100CEAA42 /* ShoeConverter */ = {
			isa = PBXGroup;
			children = (
				DDD7CBFD1B1A0AA100CEAA42 /* AppDelegate.swift */,
				DDD7CBFF1B1A0AA100CEAA42 /* ViewController.swift */,
				DDD7CC011B1A0AA100CEAA42 /* Main.storyboard */,
				DDD7CC041B1A0AA100CEAA42 /* Images.xcassets */,
				DDD7CC061B1A0AA100CEAA42 /* LaunchScreen.xib */,
				DDD7CBFB1B1A0AA100CEAA42 /* Supporting Files */,
			);
			path = ShoeConverter;
			sourceTree = "<group>";
		};
		DDD7CBFB1B1A0AA100CEAA42 /* Supporting Files */ = {
			isa = PBXGroup;
			children = (
				DDD7CBFC1B1A0AA100CEAA42 /* Info.plist */,
			);
			name = "Supporting Files";
			sourceTree = "<group>";
		};
		DDD7CC101B1A0AA100CEAA42 /* ShoeConverterTests */ = {
			isa = PBXGroup;
			children = (
				DDD7CC131B1A0AA100CEAA42 /* ShoeConverterTests.swift */,
				DDD7CC111B1A0AA100CEAA42 /* Supporting Files */,
			);
			path = ShoeConverterTests;
			sourceTree = "<group>";
		};
		DDD7CC111B1A0AA100CEAA42 /* Supporting Files */ = {
			isa = PBXGroup;
			children = (
				DDD7CC121B1A0AA100CEAA42 /* Info.plist */,
			);
			name = "Supporting Files";
			sourceTree = "<group>";
		};
/* End PBXGroup section */

/* Begin PBXNativeTarget section */
		DDD7CBF71B1A0AA100CEAA42 /* ShoeConverter */ = {
			isa = PBXNativeTarget;
			buildConfigurationList = DDD7CC171B1A0AA100CEAA42 /* Build configuration list for PBXNativeTarget "ShoeConverter" */;
			buildPhases = (
				DDD7CBF41B1A0AA100CEAA42 /* Sources */,
				DDD7CBF51B1A0AA100CEAA42 /* Frameworks */,
				DDD7CBF61B1A0AA100CEAA42 /* Resources */,
			);
			buildRules = (
			);
			dependencies = (
			);
			name = ShoeConverter;
			productName = ShoeConverter;
			productReference = DDD7CBF81B1A0AA100CEAA42 /* ShoeConverter.app */;
			productType = "com.apple.product-type.application";
		};
		DDD7CC0C1B1A0AA100CEAA42 /* ShoeConverterTests */ = {
			isa = PBXNativeTarget;
			buildConfigurationList = DDD7CC1A1B1A0AA100CEAA42 /* Build configuration list for PBXNativeTarget "ShoeConverterTests" */;
			buildPhases = (
				DDD7CC091B1A0AA100CEAA42 /* Sources */,
				DDD7CC0A1B1A0AA100CEAA42 /* Frameworks */,
				DDD7CC0B1B1A0AA100CEAA42 /* Resources */,
			);
			buildRules = (
			);
			dependencies = (
				DDD7CC0F1B1A0AA100CEAA42 /* PBXTargetDependency */,
			);
			name = ShoeConverterTests;
			productName = ShoeConverterTests;
			productReference = DDD7CC0D1B1A0AA100CEAA42 /* ShoeConverterTests.xctest */;
			productType = "com.apple.product-type.bundle.unit-test";
		};
/* End PBXNativeTarget section */

/* Begin PBXProject section */
		DDD7CBF01B1A0AA100CEAA42 /* Project object */ = {
			isa = PBXProject;
			attributes = {
				LastUpgradeCheck = 0630;
				ORGANIZATIONNAME = "Udit ";
				TargetAttributes = {
					DDD7CBF71B1A0AA100CEAA42 = {
						CreatedOnToolsVersion = 6.3.2;
					};
					DDD7CC0C1B1A0AA100CEAA42 = {
						CreatedOnToolsVersion = 6.3.2;
						TestTargetID = DDD7CBF71B1A0AA100CEAA42;
					};
				};
			};
			buildConfigurationList = DDD7CBF31B1A0AA100CEAA42 /* Build configuration list for PBXProject "ShoeConverter" */;
			compatibilityVersion = "Xcode 3.2";
			developmentRegion = English;
			hasScannedForEncodings = 0;
			knownRegions = (
				en,
				Base,
			);
			mainGroup = DDD7CBEF1B1A0AA100CEAA42;
			productRefGroup = DDD7CBF91B1A0AA100CEAA42 /* Products */;
			projectDirPath = "";
			projectRoot = "";
			targets = (
				DDD7CBF71B1A0AA100CEAA42 /* ShoeConverter */,
				DDD7CC0C1B1A0AA100CEAA42 /* ShoeConverterTests */,
			);
		};
/* End PBXProject section */

/* Begin PBXResourcesBuildPhase section */
		DDD7CBF61B1A0AA100CEAA42 /* Resources */ = {
			isa = PBXResourcesBuildPhase;
			buildActionMask = 2147483647;
			files = (
				DDD7CC031B1A0AA100CEAA42 /* Main.storyboard in Resources */,
				DDD7CC081B1A0AA100CEAA42 /* LaunchScreen.xib in Resources */,
				DDD7CC051B1A0AA100CEAA42 /* Images.xcassets in Resources */,
			);
			runOnlyForDeploymentPostprocessing = 0;
		};
		DDD7CC0B1B1A0AA100CEAA42 /* Resources */ = {
			isa = PBXResourcesBuildPhase;
			buildActionMask = 2147483647;
			files = (
			);
			runOnlyForDeploymentPostprocessing = 0;
		};
/* End PBXResourcesBuildPhase section */

/* Begin PBXSourcesBuildPhase section */
		DDD7CBF41B1A0AA100CEAA42 /* Sources */ = {
			isa = PBXSourcesBuildPhase;
			buildActionMask = 2147483647;
			files = (
				DDD7CC001B1A0AA100CEAA42 /* ViewController.swift in Sources */,
				DDD7CBFE1B1A0AA100CEAA42 /* AppDelegate.swift in Sources */,
			);
			runOnlyForDeploymentPostprocessing = 0;
		};
		DDD7CC091B1A0AA100CEAA42 /* Sources */ = {
			isa = PBXSourcesBuildPhase;
			buildActionMask = 2147483647;
			files = (
				DDD7CC141B1A0AA100CEAA42 /* ShoeConverterTests.swift in Sources */,
			);
			runOnlyForDeploymentPostprocessing = 0;
		};
/* End PBXSourcesBuildPhase section */

/* Begin PBXTargetDependency section */
		DDD7CC0F1B1A0AA100CEAA42 /* PBXTargetDependency */ = {
			isa = PBXTargetDependency;
			target = DDD7CBF71B1A0AA100CEAA42 /* ShoeConverter */;
			targetProxy = DDD7CC0E1B1A0AA100CEAA42 /* PBXContainerItemProxy */;
		};
/* End PBXTargetDependency section */

/* Begin PBXVariantGroup section */
		DDD7CC011B1A0AA100CEAA42 /* Main.storyboard */ = {
			isa = PBXVariantGroup;
			children = (
				DDD7CC021B1A0AA100CEAA42 /* Base */,
			);
			name = Main.storyboard;
			sourceTree = "<group>";
		};
		DDD7CC061B1A0AA100CEAA42 /* LaunchScreen.xib */ = {
			isa = PBXVariantGroup;
			children = (
				DDD7CC071B1A0AA100CEAA42 /* Base */,
			);
			name = LaunchScreen.xib;
			sourceTree = "<group>";
		};
/* End PBXVariantGroup section */

/* Begin XCBuildConfiguration section */
		DDD7CC151B1A0AA100CEAA42 /* Debug */ = {
			isa = XCBuildConfiguration;
			buildSettings = {
				ALWAYS_SEARCH_USER_PATHS = NO;
				CLANG_CXX_LANGUAGE_STANDARD = "gnu++0x";
				CLANG_CXX_LIBRARY = "libc++";
				CLANG_ENABLE_MODULES = YES;
				CLANG_ENABLE_OBJC_ARC = YES;
				CLANG_WARN_BOOL_CONVERSION = YES;
				CLANG_WARN_CONSTANT_CONVERSION = YES;
				CLANG_WARN_DIRECT_OBJC_ISA_USAGE = YES_ERROR;
				CLANG_WARN_EMPTY_BODY = YES;
				CLANG_WARN_ENUM_CONVERSION = YES;
				CLANG_WARN_INT_CONVERSION = YES;
				CLANG_WARN_OBJC_ROOT_CLASS = YES_ERROR;
				CLANG_WARN_UNREACHABLE_CODE = YES;
				CLANG_WARN__DUPLICATE_METHOD_MATCH = YES;
				"CODE_SIGN_IDENTITY[sdk=iphoneos*]" = "iPhone Developer";
				COPY_PHASE_STRIP = NO;
				DEBUG_INFORMATION_FORMAT = "dwarf-with-dsym";
				ENABLE_STRICT_OBJC_MSGSEND = YES;
				GCC_C_LANGUAGE_STANDARD = gnu99;
				GCC_DYNAMIC_NO_PIC = NO;
				GCC_NO_COMMON_BLOCKS = YES;
				GCC_OPTIMIZATION_LEVEL = 0;
				GCC_PREPROCESSOR_DEFINITIONS = (
					"DEBUG=1",
					"$(inherited)",
				);
				GCC_SYMBOLS_PRIVATE_EXTERN = NO;
				GCC_WARN_64_TO_32_BIT_CONVERSION = YES;
				GCC_WARN_ABOUT_RETURN_TYPE = YES_ERROR;
				GCC_WARN_UNDECLARED_SELECTOR = YES;
				GCC_WARN_UNINITIALIZED_AUTOS = YES_AGGRESSIVE;
				GCC_WARN_UNUSED_FUNCTION = YES;
				GCC_WARN_UNUSED_VARIABLE = YES;
				IPHONEOS_DEPLOYMENT_TARGET = 8.3;
				MTL_ENABLE_DEBUG_INFO = YES;
				ONLY_ACTIVE_ARCH = YES;
				SDKROOT = iphoneos;
				SWIFT_OPTIMIZATION_LEVEL = "-Onone";
				TARGETED_DEVICE_FAMILY = "1,2";
			};
			name = Debug;
		};
		DDD7CC161B1A0AA100CEAA42 /* Release */ = {
			isa = XCBuildConfiguration;
			buildSettings = {
				ALWAYS_SEARCH_USER_PATHS = NO;
				CLANG_CXX_LANGUAGE_STANDARD = "gnu++0x";
				CLANG_CXX_LIBRARY = "libc++";
				CLANG_ENABLE_MODULES = YES;
				CLANG_ENABLE_OBJC_ARC = YES;
				CLANG_WARN_BOOL_CONVERSION = YES;
				CLANG_WARN_CONSTANT_CONVERSION = YES;
				CLANG_WARN_DIRECT_OBJC_ISA_USAGE = YES_ERROR;
				CLANG_WARN_EMPTY_BODY = YES;
				CLANG_WARN_ENUM_CONVERSION = YES;
				CLANG_WARN_INT_CONVERSION = YES;
				CLANG_WARN_OBJC_ROOT_CLASS = YES_ERROR;
				CLANG_WARN_UNREACHABLE_CODE = YES;
				CLANG_WARN__DUPLICATE_METHOD_MATCH = YES;
				"CODE_SIGN_IDENTITY[sdk=iphoneos*]" = "iPhone Developer";
				COPY_PHASE_STRIP = NO;
				DEBUG_INFORMATION_FORMAT = "dwarf-with-dsym";
				ENABLE_NS_ASSERTIONS = NO;
				ENABLE_STRICT_OBJC_MSGSEND = YES;
				GCC_C_LANGUAGE_STANDARD = gnu99;
				GCC_NO_COMMON_BLOCKS = YES;
				GCC_WARN_64_TO_32_BIT_CONVERSION = YES;
				GCC_WARN_ABOUT_RETURN_TYPE = YES_ERROR;
				GCC_WARN_UNDECLARED_SELECTOR = YES;
				GCC_WARN_UNINITIALIZED_AUTOS = YES_AGGRESSIVE;
				GCC_WARN_UNUSED_FUNCTION = YES;
				GCC_WARN_UNUSED_VARIABLE = YES;
				IPHONEOS_DEPLOYMENT_TARGET = 8.3;
				MTL_ENABLE_DEBUG_INFO = NO;
				SDKROOT = iphoneos;
				TARGETED_DEVICE_FAMILY = "1,2";
				VALIDATE_PRODUCT = YES;
			};
			name = Release;
		};
		DDD7CC181B1A0AA100CEAA42 /* Debug */ = {
			isa = XCBuildConfiguration;
			buildSettings = {
				ASSETCATALOG_COMPILER_APPICON_NAME = AppIcon;
				INFOPLIST_FILE = ShoeConverter/Info.plist;
				LD_RUNPATH_SEARCH_PATHS = "$(inherited) @executable_path/Frameworks";
				PRODUCT_NAME = "$(TARGET_NAME)";
			};
			name = Debug;
		};
		DDD7CC191B1A0AA100CEAA42 /* Release */ = {
			isa = XCBuildConfiguration;
			buildSettings = {
				ASSETCATALOG_COMPILER_APPICON_NAME = AppIcon;
				INFOPLIST_FILE = ShoeConverter/Info.plist;
				LD_RUNPATH_SEARCH_PATHS = "$(inherited) @executable_path/Frameworks";
				PRODUCT_NAME = "$(TARGET_NAME)";
			};
			name = Release;
		};
		DDD7CC1B1B1A0AA100CEAA42 /* Debug */ = {
			isa = XCBuildConfiguration;
			buildSettings = {
				BUNDLE_LOADER = "$(TEST_HOST)";
				FRAMEWORK_SEARCH_PATHS = (
					"$(SDKROOT)/Developer/Library/Frameworks",
					"$(inherited)",
				);
				GCC_PREPROCESSOR_DEFINITIONS = (
					"DEBUG=1",
					"$(inherited)",
				);
				INFOPLIST_FILE = ShoeConverterTests/Info.plist;
				LD_RUNPATH_SEARCH_PATHS = "$(inherited) @executable_path/Frameworks @loader_path/Frameworks";
				PRODUCT_NAME = "$(TARGET_NAME)";
				TEST_HOST = "$(BUILT_PRODUCTS_DIR)/ShoeConverter.app/ShoeConverter";
			};
			name = Debug;
		};
		DDD7CC1C1B1A0AA100CEAA42 /* Release */ = {
			isa = XCBuildConfiguration;
			buildSettings = {
				BUNDLE_LOADER = "$(TEST_HOST)";
				FRAMEWORK_SEARCH_PATHS = (
					"$(SDKROOT)/Developer/Library/Frameworks",
					"$(inherited)",
				);
				INFOPLIST_FILE = ShoeConverterTests/Info.plist;
				LD_RUNPATH_SEARCH_PATHS = "$(inherited) @executable_path/Frameworks @loader_path/Frameworks";
				PRODUCT_NAME = "$(TARGET_NAME)";
				TEST_HOST = "$(BUILT_PRODUCTS_DIR)/ShoeConverter.app/ShoeConverter";
			};
			name = Release;
		};
/* End XCBuildConfiguration section */

/* Begin XCConfigurationList section */
		DDD7CBF31B1A0AA100CEAA42 /* Build configuration list for PBXProject "ShoeConverter" */ = {
			isa = XCConfigurationList;
			buildConfigurations = (
				DDD7CC151B1A0AA100CEAA42 /* Debug */,
				DDD7CC161B1A0AA100CEAA42 /* Release */,
			);
			defaultConfigurationIsVisible = 0;
			defaultConfigurationName = Release;
		};
		DDD7CC171B1A0AA100CEAA42 /* Build configuration list for PBXNativeTarget "ShoeConverter" */ = {
			isa = XCConfigurationList;
			buildConfigurations = (
				DDD7CC181B1A0AA100CEAA42 /* Debug */,
				DDD7CC191B1A0AA100CEAA42 /* Release */,
			);
			defaultConfigurationIsVisible = 0;
		};
		DDD7CC1A1B1A0AA100CEAA42 /* Build configuration list for PBXNativeTarget "ShoeConverterTests" */ = {
			isa = XCConfigurationList;
			buildConfigurations = (
				DDD7CC1B1B1A0AA100CEAA42 /* Debug */,
				DDD7CC1C1B1A0AA100CEAA42 /* Release */,
			);
			defaultConfigurationIsVisible = 0;
		};
/* End XCConfigurationList section */
	};
	rootObject = DDD7CBF01B1A0AA100CEAA42 /* Project object */;
}
