// !$*UTF8*$!
{
	archiveVersion = 1;
	classes = {
	};
	objectVersion = 46;
	objects = {

/* Begin PBXBuildFile section */
		DDF769D21B146EF000ECEA92 /* AppDelegate.swift in Sources */ = {isa = PBXBuildFile; fileRef = DDF769D11B146EF000ECEA92 /* AppDelegate.swift */; };
		DDF769D41B146EF000ECEA92 /* ViewController.swift in Sources */ = {isa = PBXBuildFile; fileRef = DDF769D31B146EF000ECEA92 /* ViewController.swift */; };
		DDF769D71B146EF000ECEA92 /* Main.storyboard in Resources */ = {isa = PBXBuildFile; fileRef = DDF769D51B146EF000ECEA92 /* Main.storyboard */; };
		DDF769D91B146EF000ECEA92 /* Images.xcassets in Resources */ = {isa = PBXBuildFile; fileRef = DDF769D81B146EF000ECEA92 /* Images.xcassets */; };
		DDF769DC1B146EF000ECEA92 /* LaunchScreen.xib in Resources */ = {isa = PBXBuildFile; fileRef = DDF769DA1B146EF000ECEA92 /* LaunchScreen.xib */; };
		DDF769E81B146EF000ECEA92 /* PostCardTests.swift in Sources */ = {isa = PBXBuildFile; fileRef = DDF769E71B146EF000ECEA92 /* PostCardTests.swift */; };
		DDF769F21B14ABDD00ECEA92 /* Apple-Logo-Metal-Texture-iphone-5s-wallpaper-ilikewallpaper_com.jpg in Resources */ = {isa = PBXBuildFile; fileRef = DDF769F11B14ABDD00ECEA92 /* Apple-Logo-Metal-Texture-iphone-5s-wallpaper-ilikewallpaper_com.jpg */; };
		DDF769F41B14B8AF00ECEA92 /* 1-iPhone-5-Wallpaper-Fun-green.jpg in Resources */ = {isa = PBXBuildFile; fileRef = DDF769F31B14B8AF00ECEA92 /* 1-iPhone-5-Wallpaper-Fun-green.jpg */; };
/* End PBXBuildFile section */

/* Begin PBXContainerItemProxy section */
		DDF769E21B146EF000ECEA92 /* PBXContainerItemProxy */ = {
			isa = PBXContainerItemProxy;
			containerPortal = DDF769C41B146EF000ECEA92 /* Project object */;
			proxyType = 1;
			remoteGlobalIDString = DDF769CB1B146EF000ECEA92;
			remoteInfo = PostCard;
		};
/* End PBXContainerItemProxy section */

/* Begin PBXFileReference section */
		DDF769CC1B146EF000ECEA92 /* PostCard.app */ = {isa = PBXFileReference; explicitFileType = wrapper.application; includeInIndex = 0; path = PostCard.app; sourceTree = BUILT_PRODUCTS_DIR; };
		DDF769D01B146EF000ECEA92 /* Info.plist */ = {isa = PBXFileReference; lastKnownFileType = text.plist.xml; path = Info.plist; sourceTree = "<group>"; };
		DDF769D11B146EF000ECEA92 /* AppDelegate.swift */ = {isa = PBXFileReference; lastKnownFileType = sourcecode.swift; path = AppDelegate.swift; sourceTree = "<group>"; };
		DDF769D31B146EF000ECEA92 /* ViewController.swift */ = {isa = PBXFileReference; lastKnownFileType = sourcecode.swift; path = ViewController.swift; sourceTree = "<group>"; };
		DDF769D61B146EF000ECEA92 /* Base */ = {isa = PBXFileReference; lastKnownFileType = file.storyboard; name = Base; path = Base.lproj/Main.storyboard; sourceTree = "<group>"; };
		DDF769D81B146EF000ECEA92 /* Images.xcassets */ = {isa = PBXFileReference; lastKnownFileType = folder.assetcatalog; path = Images.xcassets; sourceTree = "<group>"; };
		DDF769DB1B146EF000ECEA92 /* Base */ = {isa = PBXFileReference; lastKnownFileType = file.xib; name = Base; path = Base.lproj/LaunchScreen.xib; sourceTree = "<group>"; };
		DDF769E11B146EF000ECEA92 /* PostCardTests.xctest */ = {isa = PBXFileReference; explicitFileType = wrapper.cfbundle; includeInIndex = 0; path = PostCardTests.xctest; sourceTree = BUILT_PRODUCTS_DIR; };
		DDF769E61B146EF000ECEA92 /* Info.plist */ = {isa = PBXFileReference; lastKnownFileType = text.plist.xml; path = Info.plist; sourceTree = "<group>"; };
		DDF769E71B146EF000ECEA92 /* PostCardTests.swift */ = {isa = PBXFileReference; lastKnownFileType = sourcecode.swift; path = PostCardTests.swift; sourceTree = "<group>"; };
		DDF769F11B14ABDD00ECEA92 /* Apple-Logo-Metal-Texture-iphone-5s-wallpaper-ilikewallpaper_com.jpg */ = {isa = PBXFileReference; lastKnownFileType = image.jpeg; path = "Apple-Logo-Metal-Texture-iphone-5s-wallpaper-ilikewallpaper_com.jpg"; sourceTree = "<group>"; };
		DDF769F31B14B8AF00ECEA92 /* 1-iPhone-5-Wallpaper-Fun-green.jpg */ = {isa = PBXFileReference; lastKnownFileType = image.jpeg; path = "1-iPhone-5-Wallpaper-Fun-green.jpg"; sourceTree = "<group>"; };
/* End PBXFileReference section */

/* Begin PBXFrameworksBuildPhase section */
		DDF769C91B146EF000ECEA92 /* Frameworks */ = {
			isa = PBXFrameworksBuildPhase;
			buildActionMask = 2147483647;
			files = (
			);
			runOnlyForDeploymentPostprocessing = 0;
		};
		DDF769DE1B146EF000ECEA92 /* Frameworks */ = {
			isa = PBXFrameworksBuildPhase;
			buildActionMask = 2147483647;
			files = (
			);
			runOnlyForDeploymentPostprocessing = 0;
		};
/* End PBXFrameworksBuildPhase section */

/* Begin PBXGroup section */
		DDF769C31B146EF000ECEA92 = {
			isa = PBXGroup;
			children = (
				DDF769CE1B146EF000ECEA92 /* PostCard */,
				DDF769E41B146EF000ECEA92 /* PostCardTests */,
				DDF769CD1B146EF000ECEA92 /* Products */,
			);
			sourceTree = "<group>";
		};
		DDF769CD1B146EF000ECEA92 /* Products */ = {
			isa = PBXGroup;
			children = (
				DDF769CC1B146EF000ECEA92 /* PostCard.app */,
				DDF769E11B146EF000ECEA92 /* PostCardTests.xctest */,
			);
			name = Products;
			sourceTree = "<group>";
		};
		DDF769CE1B146EF000ECEA92 /* PostCard */ = {
			isa = PBXGroup;
			children = (
				DDF769D11B146EF000ECEA92 /* AppDelegate.swift */,
				DDF769D31B146EF000ECEA92 /* ViewController.swift */,
				DDF769D51B146EF000ECEA92 /* Main.storyboard */,
				DDF769D81B146EF000ECEA92 /* Images.xcassets */,
				DDF769DA1B146EF000ECEA92 /* LaunchScreen.xib */,
				DDF769CF1B146EF000ECEA92 /* Supporting Files */,
			);
			path = PostCard;
			sourceTree = "<group>";
		};
		DDF769CF1B146EF000ECEA92 /* Supporting Files */ = {
			isa = PBXGroup;
			children = (
				DDF769F31B14B8AF00ECEA92 /* 1-iPhone-5-Wallpaper-Fun-green.jpg */,
				DDF769F11B14ABDD00ECEA92 /* Apple-Logo-Metal-Texture-iphone-5s-wallpaper-ilikewallpaper_com.jpg */,
				DDF769D01B146EF000ECEA92 /* Info.plist */,
			);
			name = "Supporting Files";
			sourceTree = "<group>";
		};
		DDF769E41B146EF000ECEA92 /* PostCardTests */ = {
			isa = PBXGroup;
			children = (
				DDF769E71B146EF000ECEA92 /* PostCardTests.swift */,
				DDF769E51B146EF000ECEA92 /* Supporting Files */,
			);
			path = PostCardTests;
			sourceTree = "<group>";
		};
		DDF769E51B146EF000ECEA92 /* Supporting Files */ = {
			isa = PBXGroup;
			children = (
				DDF769E61B146EF000ECEA92 /* Info.plist */,
			);
			name = "Supporting Files";
			sourceTree = "<group>";
		};
/* End PBXGroup section */

/* Begin PBXNativeTarget section */
		DDF769CB1B146EF000ECEA92 /* PostCard */ = {
			isa = PBXNativeTarget;
			buildConfigurationList = DDF769EB1B146EF000ECEA92 /* Build configuration list for PBXNativeTarget "PostCard" */;
			buildPhases = (
				DDF769C81B146EF000ECEA92 /* Sources */,
				DDF769C91B146EF000ECEA92 /* Frameworks */,
				DDF769CA1B146EF000ECEA92 /* Resources */,
			);
			buildRules = (
			);
			dependencies = (
			);
			name = PostCard;
			productName = PostCard;
			productReference = DDF769CC1B146EF000ECEA92 /* PostCard.app */;
			productType = "com.apple.product-type.application";
		};
		DDF769E01B146EF000ECEA92 /* PostCardTests */ = {
			isa = PBXNativeTarget;
			buildConfigurationList = DDF769EE1B146EF000ECEA92 /* Build configuration list for PBXNativeTarget "PostCardTests" */;
			buildPhases = (
				DDF769DD1B146EF000ECEA92 /* Sources */,
				DDF769DE1B146EF000ECEA92 /* Frameworks */,
				DDF769DF1B146EF000ECEA92 /* Resources */,
			);
			buildRules = (
			);
			dependencies = (
				DDF769E31B146EF000ECEA92 /* PBXTargetDependency */,
			);
			name = PostCardTests;
			productName = PostCardTests;
			productReference = DDF769E11B146EF000ECEA92 /* PostCardTests.xctest */;
			productType = "com.apple.product-type.bundle.unit-test";
		};
/* End PBXNativeTarget section */

/* Begin PBXProject section */
		DDF769C41B146EF000ECEA92 /* Project object */ = {
			isa = PBXProject;
			attributes = {
				LastUpgradeCheck = 0630;
				ORGANIZATIONNAME = "Udit ";
				TargetAttributes = {
					DDF769CB1B146EF000ECEA92 = {
						CreatedOnToolsVersion = 6.3.2;
					};
					DDF769E01B146EF000ECEA92 = {
						CreatedOnToolsVersion = 6.3.2;
						TestTargetID = DDF769CB1B146EF000ECEA92;
					};
				};
			};
			buildConfigurationList = DDF769C71B146EF000ECEA92 /* Build configuration list for PBXProject "PostCard" */;
			compatibilityVersion = "Xcode 3.2";
			developmentRegion = English;
			hasScannedForEncodings = 0;
			knownRegions = (
				en,
				Base,
			);
			mainGroup = DDF769C31B146EF000ECEA92;
			productRefGroup = DDF769CD1B146EF000ECEA92 /* Products */;
			projectDirPath = "";
			projectRoot = "";
			targets = (
				DDF769CB1B146EF000ECEA92 /* PostCard */,
				DDF769E01B146EF000ECEA92 /* PostCardTests */,
			);
		};
/* End PBXProject section */

/* Begin PBXResourcesBuildPhase section */
		DDF769CA1B146EF000ECEA92 /* Resources */ = {
			isa = PBXResourcesBuildPhase;
			buildActionMask = 2147483647;
			files = (
				DDF769D71B146EF000ECEA92 /* Main.storyboard in Resources */,
				DDF769DC1B146EF000ECEA92 /* LaunchScreen.xib in Resources */,
				DDF769D91B146EF000ECEA92 /* Images.xcassets in Resources */,
				DDF769F41B14B8AF00ECEA92 /* 1-iPhone-5-Wallpaper-Fun-green.jpg in Resources */,
				DDF769F21B14ABDD00ECEA92 /* Apple-Logo-Metal-Texture-iphone-5s-wallpaper-ilikewallpaper_com.jpg in Resources */,
			);
			runOnlyForDeploymentPostprocessing = 0;
		};
		DDF769DF1B146EF000ECEA92 /* Resources */ = {
			isa = PBXResourcesBuildPhase;
			buildActionMask = 2147483647;
			files = (
			);
			runOnlyForDeploymentPostprocessing = 0;
		};
/* End PBXResourcesBuildPhase section */

/* Begin PBXSourcesBuildPhase section */
		DDF769C81B146EF000ECEA92 /* Sources */ = {
			isa = PBXSourcesBuildPhase;
			buildActionMask = 2147483647;
			files = (
				DDF769D41B146EF000ECEA92 /* ViewController.swift in Sources */,
				DDF769D21B146EF000ECEA92 /* AppDelegate.swift in Sources */,
			);
			runOnlyForDeploymentPostprocessing = 0;
		};
		DDF769DD1B146EF000ECEA92 /* Sources */ = {
			isa = PBXSourcesBuildPhase;
			buildActionMask = 2147483647;
			files = (
				DDF769E81B146EF000ECEA92 /* PostCardTests.swift in Sources */,
			);
			runOnlyForDeploymentPostprocessing = 0;
		};
/* End PBXSourcesBuildPhase section */

/* Begin PBXTargetDependency section */
		DDF769E31B146EF000ECEA92 /* PBXTargetDependency */ = {
			isa = PBXTargetDependency;
			target = DDF769CB1B146EF000ECEA92 /* PostCard */;
			targetProxy = DDF769E21B146EF000ECEA92 /* PBXContainerItemProxy */;
		};
/* End PBXTargetDependency section */

/* Begin PBXVariantGroup section */
		DDF769D51B146EF000ECEA92 /* Main.storyboard */ = {
			isa = PBXVariantGroup;
			children = (
				DDF769D61B146EF000ECEA92 /* Base */,
			);
			name = Main.storyboard;
			sourceTree = "<group>";
		};
		DDF769DA1B146EF000ECEA92 /* LaunchScreen.xib */ = {
			isa = PBXVariantGroup;
			children = (
				DDF769DB1B146EF000ECEA92 /* Base */,
			);
			name = LaunchScreen.xib;
			sourceTree = "<group>";
		};
/* End PBXVariantGroup section */

/* Begin XCBuildConfiguration section */
		DDF769E91B146EF000ECEA92 /* Debug */ = {
			isa = XCBuildConfiguration;
			buildSettings = {
				ALWAYS_SEARCH_USER_PATHS = NO;
				CLANG_CXX_LANGUAGE_STANDARD = "gnu++0x";
				CLANG_CXX_LIBRARY = "libc++";
				CLANG_ENABLE_MODULES = YES;
				CLANG_ENABLE_OBJC_ARC = YES;
				CLANG_WARN_BOOL_CONVERSION = YES;
				CLANG_WARN_CONSTANT_CONVERSION = YES;
				CLANG_WARN_DIRECT_OBJC_ISA_USAGE = YES_ERROR;
				CLANG_WARN_EMPTY_BODY = YES;
				CLANG_WARN_ENUM_CONVERSION = YES;
				CLANG_WARN_INT_CONVERSION = YES;
				CLANG_WARN_OBJC_ROOT_CLASS = YES_ERROR;
				CLANG_WARN_UNREACHABLE_CODE = YES;
				CLANG_WARN__DUPLICATE_METHOD_MATCH = YES;
				"CODE_SIGN_IDENTITY[sdk=iphoneos*]" = "iPhone Developer";
				COPY_PHASE_STRIP = NO;
				DEBUG_INFORMATION_FORMAT = "dwarf-with-dsym";
				ENABLE_STRICT_OBJC_MSGSEND = YES;
				GCC_C_LANGUAGE_STANDARD = gnu99;
				GCC_DYNAMIC_NO_PIC = NO;
				GCC_NO_COMMON_BLOCKS = YES;
				GCC_OPTIMIZATION_LEVEL = 0;
				GCC_PREPROCESSOR_DEFINITIONS = (
					"DEBUG=1",
					"$(inherited)",
				);
				GCC_SYMBOLS_PRIVATE_EXTERN = NO;
				GCC_WARN_64_TO_32_BIT_CONVERSION = YES;
				GCC_WARN_ABOUT_RETURN_TYPE = YES_ERROR;
				GCC_WARN_UNDECLARED_SELECTOR = YES;
				GCC_WARN_UNINITIALIZED_AUTOS = YES_AGGRESSIVE;
				GCC_WARN_UNUSED_FUNCTION = YES;
				GCC_WARN_UNUSED_VARIABLE = YES;
				IPHONEOS_DEPLOYMENT_TARGET = 8.3;
				MTL_ENABLE_DEBUG_INFO = YES;
				ONLY_ACTIVE_ARCH = YES;
				SDKROOT = iphoneos;
				SWIFT_OPTIMIZATION_LEVEL = "-Onone";
				TARGETED_DEVICE_FAMILY = "1,2";
			};
			name = Debug;
		};
		DDF769EA1B146EF000ECEA92 /* Release */ = {
			isa = XCBuildConfiguration;
			buildSettings = {
				ALWAYS_SEARCH_USER_PATHS = NO;
				CLANG_CXX_LANGUAGE_STANDARD = "gnu++0x";
				CLANG_CXX_LIBRARY = "libc++";
				CLANG_ENABLE_MODULES = YES;
				CLANG_ENABLE_OBJC_ARC = YES;
				CLANG_WARN_BOOL_CONVERSION = YES;
				CLANG_WARN_CONSTANT_CONVERSION = YES;
				CLANG_WARN_DIRECT_OBJC_ISA_USAGE = YES_ERROR;
				CLANG_WARN_EMPTY_BODY = YES;
				CLANG_WARN_ENUM_CONVERSION = YES;
				CLANG_WARN_INT_CONVERSION = YES;
				CLANG_WARN_OBJC_ROOT_CLASS = YES_ERROR;
				CLANG_WARN_UNREACHABLE_CODE = YES;
				CLANG_WARN__DUPLICATE_METHOD_MATCH = YES;
				"CODE_SIGN_IDENTITY[sdk=iphoneos*]" = "iPhone Developer";
				COPY_PHASE_STRIP = NO;
				DEBUG_INFORMATION_FORMAT = "dwarf-with-dsym";
				ENABLE_NS_ASSERTIONS = NO;
				ENABLE_STRICT_OBJC_MSGSEND = YES;
				GCC_C_LANGUAGE_STANDARD = gnu99;
				GCC_NO_COMMON_BLOCKS = YES;
				GCC_WARN_64_TO_32_BIT_CONVERSION = YES;
				GCC_WARN_ABOUT_RETURN_TYPE = YES_ERROR;
				GCC_WARN_UNDECLARED_SELECTOR = YES;
				GCC_WARN_UNINITIALIZED_AUTOS = YES_AGGRESSIVE;
				GCC_WARN_UNUSED_FUNCTION = YES;
				GCC_WARN_UNUSED_VARIABLE = YES;
				IPHONEOS_DEPLOYMENT_TARGET = 8.3;
				MTL_ENABLE_DEBUG_INFO = NO;
				SDKROOT = iphoneos;
				TARGETED_DEVICE_FAMILY = "1,2";
				VALIDATE_PRODUCT = YES;
			};
			name = Release;
		};
		DDF769EC1B146EF000ECEA92 /* Debug */ = {
			isa = XCBuildConfiguration;
			buildSettings = {
				ASSETCATALOG_COMPILER_APPICON_NAME = AppIcon;
				INFOPLIST_FILE = PostCard/Info.plist;
				LD_RUNPATH_SEARCH_PATHS = "$(inherited) @executable_path/Frameworks";
				PRODUCT_NAME = "$(TARGET_NAME)";
			};
			name = Debug;
		};
		DDF769ED1B146EF000ECEA92 /* Release */ = {
			isa = XCBuildConfiguration;
			buildSettings = {
				ASSETCATALOG_COMPILER_APPICON_NAME = AppIcon;
				INFOPLIST_FILE = PostCard/Info.plist;
				LD_RUNPATH_SEARCH_PATHS = "$(inherited) @executable_path/Frameworks";
				PRODUCT_NAME = "$(TARGET_NAME)";
			};
			name = Release;
		};
		DDF769EF1B146EF000ECEA92 /* Debug */ = {
			isa = XCBuildConfiguration;
			buildSettings = {
				BUNDLE_LOADER = "$(TEST_HOST)";
				FRAMEWORK_SEARCH_PATHS = (
					"$(SDKROOT)/Developer/Library/Frameworks",
					"$(inherited)",
				);
				GCC_PREPROCESSOR_DEFINITIONS = (
					"DEBUG=1",
					"$(inherited)",
				);
				INFOPLIST_FILE = PostCardTests/Info.plist;
				LD_RUNPATH_SEARCH_PATHS = "$(inherited) @executable_path/Frameworks @loader_path/Frameworks";
				PRODUCT_NAME = "$(TARGET_NAME)";
				TEST_HOST = "$(BUILT_PRODUCTS_DIR)/PostCard.app/PostCard";
			};
			name = Debug;
		};
		DDF769F01B146EF000ECEA92 /* Release */ = {
			isa = XCBuildConfiguration;
			buildSettings = {
				BUNDLE_LOADER = "$(TEST_HOST)";
				FRAMEWORK_SEARCH_PATHS = (
					"$(SDKROOT)/Developer/Library/Frameworks",
					"$(inherited)",
				);
				INFOPLIST_FILE = PostCardTests/Info.plist;
				LD_RUNPATH_SEARCH_PATHS = "$(inherited) @executable_path/Frameworks @loader_path/Frameworks";
				PRODUCT_NAME = "$(TARGET_NAME)";
				TEST_HOST = "$(BUILT_PRODUCTS_DIR)/PostCard.app/PostCard";
			};
			name = Release;
		};
/* End XCBuildConfiguration section */

/* Begin XCConfigurationList section */
		DDF769C71B146EF000ECEA92 /* Build configuration list for PBXProject "PostCard" */ = {
			isa = XCConfigurationList;
			buildConfigurations = (
				DDF769E91B146EF000ECEA92 /* Debug */,
				DDF769EA1B146EF000ECEA92 /* Release */,
			);
			defaultConfigurationIsVisible = 0;
			defaultConfigurationName = Release;
		};
		DDF769EB1B146EF000ECEA92 /* Build configuration list for PBXNativeTarget "PostCard" */ = {
			isa = XCConfigurationList;
			buildConfigurations = (
				DDF769EC1B146EF000ECEA92 /* Debug */,
				DDF769ED1B146EF000ECEA92 /* Release */,
			);
			defaultConfigurationIsVisible = 0;
		};
		DDF769EE1B146EF000ECEA92 /* Build configuration list for PBXNativeTarget "PostCardTests" */ = {
			isa = XCConfigurationList;
			buildConfigurations = (
				DDF769EF1B146EF000ECEA92 /* Debug */,
				DDF769F01B146EF000ECEA92 /* Release */,
			);
			defaultConfigurationIsVisible = 0;
		};
/* End XCConfigurationList section */
	};
	rootObject = DDF769C41B146EF000ECEA92 /* Project object */;
}
